
Microsoft Visual Studio Solution File, Format Version 12.00
# Visual Studio Version 17
VisualStudioVersion = 17.4.33103.184
MinimumVisualStudioVersion = 10.0.40219.1
Project("{FAE04EC0-301F-11D3-BF4B-00C04F79EFBC}") = "PassaparolaOyunu", "PassaparolaOyunu\PassaparolaOyunu.csproj", "{9FB30FAA-07E5-41BE-B791-073262E1F3C2}"
EndProject
Global
	GlobalSection(SolutionConfigurationPlatforms) = preSolution
		Debug|Any CPU = Debug|Any CPU
		Release|Any CPU = Release|Any CPU
	EndGlobalSection
	GlobalSection(ProjectConfigurationPlatforms) = postSolution
		{9FB30FAA-07E5-41BE-B791-073262E1F3C2}.Debug|Any CPU.ActiveCfg = Debug|Any CPU
		{9FB30FAA-07E5-41BE-B791-073262E1F3C2}.Debug|Any CPU.Build.0 = Debug|Any CPU
		{9FB30FAA-07E5-41BE-B791-073262E1F3C2}.Release|Any CPU.ActiveCfg = Release|Any CPU
		{9FB30FAA-07E5-41BE-B791-073262E1F3C2}.Release|Any CPU.Build.0 = Release|Any CPU
	EndGlobalSection
	GlobalSection(SolutionProperties) = preSolution
		HideSolutionNode = FALSE
	EndGlobalSection
	GlobalSection(ExtensibilityGlobals) = postSolution
		SolutionGuid = {4E9F887C-2947-460B-94D8-7A35B16FA972}
	EndGlobalSection
EndGlobal
